// !$*UTF8*$!
{
	archiveVersion = 1;
	classes = {
	};
	objectVersion = 56;
	objects = {

/* Begin PBXBuildFile section */
		8242A29029AA43C0000CF4F8 /* UIImageView+.swift in Sources */ = {isa = PBXBuildFile; fileRef = 8242A28F29AA43C0000CF4F8 /* UIImageView+.swift */; };
		8242A29229AA488B000CF4F8 /* UIColor+.swift in Sources */ = {isa = PBXBuildFile; fileRef = 8242A29129AA488B000CF4F8 /* UIColor+.swift */; };
		8242A29429AA4D64000CF4F8 /* HomeConstraints+.swift in Sources */ = {isa = PBXBuildFile; fileRef = 8242A29329AA4D64000CF4F8 /* HomeConstraints+.swift */; };
		8242A29929AA504E000CF4F8 /* HourlyForecastTableViewCell.swift in Sources */ = {isa = PBXBuildFile; fileRef = 8242A29729AA504E000CF4F8 /* HourlyForecastTableViewCell.swift */; };
		8242A29A29AA504E000CF4F8 /* HourlyForecastTableViewCell.xib in Resources */ = {isa = PBXBuildFile; fileRef = 8242A29829AA504E000CF4F8 /* HourlyForecastTableViewCell.xib */; };
		8242A29E29AA50A5000CF4F8 /* HourlyForecastCollectionViewCell.swift in Sources */ = {isa = PBXBuildFile; fileRef = 8242A29C29AA50A5000CF4F8 /* HourlyForecastCollectionViewCell.swift */; };
		8242A29F29AA50A5000CF4F8 /* HourlyForecastCollectionViewCell.xib in Resources */ = {isa = PBXBuildFile; fileRef = 8242A29D29AA50A5000CF4F8 /* HourlyForecastCollectionViewCell.xib */; };
		8242A2A129AA5B74000CF4F8 /* HourlyForecastEntity.swift in Sources */ = {isa = PBXBuildFile; fileRef = 8242A2A029AA5B74000CF4F8 /* HourlyForecastEntity.swift */; };
		82AE2C3429A833E8005FC00A /* AppDelegate.swift in Sources */ = {isa = PBXBuildFile; fileRef = 82AE2C3329A833E8005FC00A /* AppDelegate.swift */; };
		82AE2C3629A833E8005FC00A /* SceneDelegate.swift in Sources */ = {isa = PBXBuildFile; fileRef = 82AE2C3529A833E8005FC00A /* SceneDelegate.swift */; };
		82AE2C3D29A833EB005FC00A /* Assets.xcassets in Resources */ = {isa = PBXBuildFile; fileRef = 82AE2C3C29A833EB005FC00A /* Assets.xcassets */; };
		82AE2C4029A833EB005FC00A /* LaunchScreen.storyboard in Resources */ = {isa = PBXBuildFile; fileRef = 82AE2C3E29A833EB005FC00A /* LaunchScreen.storyboard */; };
		82AE2C4F29A834EE005FC00A /* HomeView.swift in Sources */ = {isa = PBXBuildFile; fileRef = 82AE2C4E29A834EE005FC00A /* HomeView.swift */; };
		82AE2C5129A834F4005FC00A /* HomeInteractor.swift in Sources */ = {isa = PBXBuildFile; fileRef = 82AE2C5029A834F4005FC00A /* HomeInteractor.swift */; };
		82AE2C5329A834FB005FC00A /* HomePresenter.swift in Sources */ = {isa = PBXBuildFile; fileRef = 82AE2C5229A834FB005FC00A /* HomePresenter.swift */; };
		82AE2C5529A83504005FC00A /* CurrentWeatherEntity.swift in Sources */ = {isa = PBXBuildFile; fileRef = 82AE2C5429A83504005FC00A /* CurrentWeatherEntity.swift */; };
		82AE2C5729A8350C005FC00A /* HomeRouter.swift in Sources */ = {isa = PBXBuildFile; fileRef = 82AE2C5629A8350C005FC00A /* HomeRouter.swift */; };
/* End PBXBuildFile section */

/* Begin PBXFileReference section */
		8242A28F29AA43C0000CF4F8 /* UIImageView+.swift */ = {isa = PBXFileReference; lastKnownFileType = sourcecode.swift; path = "UIImageView+.swift"; sourceTree = "<group>"; };
		8242A29129AA488B000CF4F8 /* UIColor+.swift */ = {isa = PBXFileReference; lastKnownFileType = sourcecode.swift; path = "UIColor+.swift"; sourceTree = "<group>"; };
		8242A29329AA4D64000CF4F8 /* HomeConstraints+.swift */ = {isa = PBXFileReference; lastKnownFileType = sourcecode.swift; path = "HomeConstraints+.swift"; sourceTree = "<group>"; };
		8242A29729AA504E000CF4F8 /* HourlyForecastTableViewCell.swift */ = {isa = PBXFileReference; lastKnownFileType = sourcecode.swift; path = HourlyForecastTableViewCell.swift; sourceTree = "<group>"; };
		8242A29829AA504E000CF4F8 /* HourlyForecastTableViewCell.xib */ = {isa = PBXFileReference; lastKnownFileType = file.xib; path = HourlyForecastTableViewCell.xib; sourceTree = "<group>"; };
		8242A29C29AA50A5000CF4F8 /* HourlyForecastCollectionViewCell.swift */ = {isa = PBXFileReference; lastKnownFileType = sourcecode.swift; path = HourlyForecastCollectionViewCell.swift; sourceTree = "<group>"; };
		8242A29D29AA50A5000CF4F8 /* HourlyForecastCollectionViewCell.xib */ = {isa = PBXFileReference; lastKnownFileType = file.xib; path = HourlyForecastCollectionViewCell.xib; sourceTree = "<group>"; };
		8242A2A029AA5B74000CF4F8 /* HourlyForecastEntity.swift */ = {isa = PBXFileReference; lastKnownFileType = sourcecode.swift; path = HourlyForecastEntity.swift; sourceTree = "<group>"; };
		82AE2C3029A833E8005FC00A /* Clima.app */ = {isa = PBXFileReference; explicitFileType = wrapper.application; includeInIndex = 0; path = Clima.app; sourceTree = BUILT_PRODUCTS_DIR; };
		82AE2C3329A833E8005FC00A /* AppDelegate.swift */ = {isa = PBXFileReference; lastKnownFileType = sourcecode.swift; path = AppDelegate.swift; sourceTree = "<group>"; };
		82AE2C3529A833E8005FC00A /* SceneDelegate.swift */ = {isa = PBXFileReference; lastKnownFileType = sourcecode.swift; path = SceneDelegate.swift; sourceTree = "<group>"; };
		82AE2C3C29A833EB005FC00A /* Assets.xcassets */ = {isa = PBXFileReference; lastKnownFileType = folder.assetcatalog; path = Assets.xcassets; sourceTree = "<group>"; };
		82AE2C3F29A833EB005FC00A /* Base */ = {isa = PBXFileReference; lastKnownFileType = file.storyboard; name = Base; path = Base.lproj/LaunchScreen.storyboard; sourceTree = "<group>"; };
		82AE2C4129A833EB005FC00A /* Info.plist */ = {isa = PBXFileReference; lastKnownFileType = text.plist.xml; path = Info.plist; sourceTree = "<group>"; };
		82AE2C4E29A834EE005FC00A /* HomeView.swift */ = {isa = PBXFileReference; lastKnownFileType = sourcecode.swift; path = HomeView.swift; sourceTree = "<group>"; };
		82AE2C5029A834F4005FC00A /* HomeInteractor.swift */ = {isa = PBXFileReference; lastKnownFileType = sourcecode.swift; path = HomeInteractor.swift; sourceTree = "<group>"; };
		82AE2C5229A834FB005FC00A /* HomePresenter.swift */ = {isa = PBXFileReference; lastKnownFileType = sourcecode.swift; path = HomePresenter.swift; sourceTree = "<group>"; };
		82AE2C5429A83504005FC00A /* CurrentWeatherEntity.swift */ = {isa = PBXFileReference; lastKnownFileType = sourcecode.swift; path = CurrentWeatherEntity.swift; sourceTree = "<group>"; };
		82AE2C5629A8350C005FC00A /* HomeRouter.swift */ = {isa = PBXFileReference; lastKnownFileType = sourcecode.swift; path = HomeRouter.swift; sourceTree = "<group>"; };
/* End PBXFileReference section */

/* Begin PBXFrameworksBuildPhase section */
		82AE2C2D29A833E8005FC00A /* Frameworks */ = {
			isa = PBXFrameworksBuildPhase;
			buildActionMask = 2147483647;
			files = (
			);
			runOnlyForDeploymentPostprocessing = 0;
		};
/* End PBXFrameworksBuildPhase section */

/* Begin PBXGroup section */
		8242A28E29AA435E000CF4F8 /* Extensions */ = {
			isa = PBXGroup;
			children = (
				8242A28F29AA43C0000CF4F8 /* UIImageView+.swift */,
				8242A29129AA488B000CF4F8 /* UIColor+.swift */,
			);
			name = Extensions;
			path = "New Group";
			sourceTree = "<group>";
		};
		8242A29529AA5029000CF4F8 /* TableViewCells */ = {
			isa = PBXGroup;
			children = (
				8242A29629AA503E000CF4F8 /* HourlyForecast */,
			);
			path = TableViewCells;
			sourceTree = "<group>";
		};
		8242A29629AA503E000CF4F8 /* HourlyForecast */ = {
			isa = PBXGroup;
			children = (
				8242A29B29AA508B000CF4F8 /* CollectionView */,
				8242A29729AA504E000CF4F8 /* HourlyForecastTableViewCell.swift */,
				8242A29829AA504E000CF4F8 /* HourlyForecastTableViewCell.xib */,
			);
			path = HourlyForecast;
			sourceTree = "<group>";
		};
		8242A29B29AA508B000CF4F8 /* CollectionView */ = {
			isa = PBXGroup;
			children = (
				8242A29C29AA50A5000CF4F8 /* HourlyForecastCollectionViewCell.swift */,
				8242A29D29AA50A5000CF4F8 /* HourlyForecastCollectionViewCell.xib */,
			);
			path = CollectionView;
			sourceTree = "<group>";
		};
		82AE2C2729A833E7005FC00A = {
			isa = PBXGroup;
			children = (
				82AE2C3229A833E8005FC00A /* Clima */,
				82AE2C3129A833E8005FC00A /* Products */,
			);
			sourceTree = "<group>";
		};
		82AE2C3129A833E8005FC00A /* Products */ = {
			isa = PBXGroup;
			children = (
				82AE2C3029A833E8005FC00A /* Clima.app */,
			);
			name = Products;
			sourceTree = "<group>";
		};
		82AE2C3229A833E8005FC00A /* Clima */ = {
			isa = PBXGroup;
			children = (
				8242A28E29AA435E000CF4F8 /* Extensions */,
				82AE2C4D29A834CC005FC00A /* Resources */,
				82AE2C4729A83485005FC00A /* Home */,
				82AE2C4129A833EB005FC00A /* Info.plist */,
			);
			path = Clima;
			sourceTree = "<group>";
		};
		82AE2C4729A83485005FC00A /* Home */ = {
			isa = PBXGroup;
			children = (
				82AE2C4829A83489005FC00A /* View */,
				82AE2C4B29A834A2005FC00A /* Interactor */,
				82AE2C4929A8349B005FC00A /* Presenter */,
				82AE2C4C29A834A7005FC00A /* Entity */,
				82AE2C4A29A8349F005FC00A /* Router */,
			);
			path = Home;
			sourceTree = "<group>";
		};
		82AE2C4829A83489005FC00A /* View */ = {
			isa = PBXGroup;
			children = (
				8242A29529AA5029000CF4F8 /* TableViewCells */,
				82AE2C4E29A834EE005FC00A /* HomeView.swift */,
				8242A29329AA4D64000CF4F8 /* HomeConstraints+.swift */,
			);
			path = View;
			sourceTree = "<group>";
		};
		82AE2C4929A8349B005FC00A /* Presenter */ = {
			isa = PBXGroup;
			children = (
				82AE2C5229A834FB005FC00A /* HomePresenter.swift */,
			);
			path = Presenter;
			sourceTree = "<group>";
		};
		82AE2C4A29A8349F005FC00A /* Router */ = {
			isa = PBXGroup;
			children = (
				82AE2C5629A8350C005FC00A /* HomeRouter.swift */,
			);
			path = Router;
			sourceTree = "<group>";
		};
		82AE2C4B29A834A2005FC00A /* Interactor */ = {
			isa = PBXGroup;
			children = (
				82AE2C5029A834F4005FC00A /* HomeInteractor.swift */,
			);
			path = Interactor;
			sourceTree = "<group>";
		};
		82AE2C4C29A834A7005FC00A /* Entity */ = {
			isa = PBXGroup;
			children = (
				82AE2C5429A83504005FC00A /* CurrentWeatherEntity.swift */,
				8242A2A029AA5B74000CF4F8 /* HourlyForecastEntity.swift */,
			);
			path = Entity;
			sourceTree = "<group>";
		};
		82AE2C4D29A834CC005FC00A /* Resources */ = {
			isa = PBXGroup;
			children = (
				82AE2C3C29A833EB005FC00A /* Assets.xcassets */,
				82AE2C3E29A833EB005FC00A /* LaunchScreen.storyboard */,
				82AE2C3329A833E8005FC00A /* AppDelegate.swift */,
				82AE2C3529A833E8005FC00A /* SceneDelegate.swift */,
			);
			path = Resources;
			sourceTree = "<group>";
		};
/* End PBXGroup section */

/* Begin PBXNativeTarget section */
		82AE2C2F29A833E8005FC00A /* Clima */ = {
			isa = PBXNativeTarget;
			buildConfigurationList = 82AE2C4429A833EB005FC00A /* Build configuration list for PBXNativeTarget "Clima" */;
			buildPhases = (
				82AE2C2C29A833E8005FC00A /* Sources */,
				82AE2C2D29A833E8005FC00A /* Frameworks */,
				82AE2C2E29A833E8005FC00A /* Resources */,
			);
			buildRules = (
			);
			dependencies = (
			);
			name = Clima;
			productName = Clima;
			productReference = 82AE2C3029A833E8005FC00A /* Clima.app */;
			productType = "com.apple.product-type.application";
		};
/* End PBXNativeTarget section */

/* Begin PBXProject section */
		82AE2C2829A833E7005FC00A /* Project object */ = {
			isa = PBXProject;
			attributes = {
				BuildIndependentTargetsInParallel = 1;
				LastSwiftUpdateCheck = 1400;
				LastUpgradeCheck = 1400;
				TargetAttributes = {
					82AE2C2F29A833E8005FC00A = {
						CreatedOnToolsVersion = 14.0;
					};
				};
			};
			buildConfigurationList = 82AE2C2B29A833E7005FC00A /* Build configuration list for PBXProject "Clima" */;
			compatibilityVersion = "Xcode 14.0";
			developmentRegion = en;
			hasScannedForEncodings = 0;
			knownRegions = (
				en,
				Base,
			);
			mainGroup = 82AE2C2729A833E7005FC00A;
			productRefGroup = 82AE2C3129A833E8005FC00A /* Products */;
			projectDirPath = "";
			projectRoot = "";
			targets = (
				82AE2C2F29A833E8005FC00A /* Clima */,
			);
		};
/* End PBXProject section */

/* Begin PBXResourcesBuildPhase section */
		82AE2C2E29A833E8005FC00A /* Resources */ = {
			isa = PBXResourcesBuildPhase;
			buildActionMask = 2147483647;
			files = (
				82AE2C4029A833EB005FC00A /* LaunchScreen.storyboard in Resources */,
				8242A29A29AA504E000CF4F8 /* HourlyForecastTableViewCell.xib in Resources */,
				8242A29F29AA50A5000CF4F8 /* HourlyForecastCollectionViewCell.xib in Resources */,
				82AE2C3D29A833EB005FC00A /* Assets.xcassets in Resources */,
			);
			runOnlyForDeploymentPostprocessing = 0;
		};
/* End PBXResourcesBuildPhase section */

/* Begin PBXSourcesBuildPhase section */
		82AE2C2C29A833E8005FC00A /* Sources */ = {
			isa = PBXSourcesBuildPhase;
			buildActionMask = 2147483647;
			files = (
				82AE2C4F29A834EE005FC00A /* HomeView.swift in Sources */,
				82AE2C5529A83504005FC00A /* CurrentWeatherEntity.swift in Sources */,
				8242A2A129AA5B74000CF4F8 /* HourlyForecastEntity.swift in Sources */,
				82AE2C5729A8350C005FC00A /* HomeRouter.swift in Sources */,
				8242A29429AA4D64000CF4F8 /* HomeConstraints+.swift in Sources */,
				82AE2C3429A833E8005FC00A /* AppDelegate.swift in Sources */,
				8242A29029AA43C0000CF4F8 /* UIImageView+.swift in Sources */,
				82AE2C3629A833E8005FC00A /* SceneDelegate.swift in Sources */,
				82AE2C5329A834FB005FC00A /* HomePresenter.swift in Sources */,
				82AE2C5129A834F4005FC00A /* HomeInteractor.swift in Sources */,
				8242A29229AA488B000CF4F8 /* UIColor+.swift in Sources */,
				8242A29E29AA50A5000CF4F8 /* HourlyForecastCollectionViewCell.swift in Sources */,
				8242A29929AA504E000CF4F8 /* HourlyForecastTableViewCell.swift in Sources */,
			);
			runOnlyForDeploymentPostprocessing = 0;
		};
/* End PBXSourcesBuildPhase section */

/* Begin PBXVariantGroup section */
		82AE2C3E29A833EB005FC00A /* LaunchScreen.storyboard */ = {
			isa = PBXVariantGroup;
			children = (
				82AE2C3F29A833EB005FC00A /* Base */,
			);
			name = LaunchScreen.storyboard;
			sourceTree = "<group>";
		};
/* End PBXVariantGroup section */

/* Begin XCBuildConfiguration section */
		82AE2C4229A833EB005FC00A /* Debug */ = {
			isa = XCBuildConfiguration;
			buildSettings = {
				ALWAYS_SEARCH_USER_PATHS = NO;
				CLANG_ANALYZER_NONNULL = YES;
				CLANG_ANALYZER_NUMBER_OBJECT_CONVERSION = YES_AGGRESSIVE;
				CLANG_CXX_LANGUAGE_STANDARD = "gnu++20";
				CLANG_ENABLE_MODULES = YES;
				CLANG_ENABLE_OBJC_ARC = YES;
				CLANG_ENABLE_OBJC_WEAK = YES;
				CLANG_WARN_BLOCK_CAPTURE_AUTORELEASING = YES;
				CLANG_WARN_BOOL_CONVERSION = YES;
				CLANG_WARN_COMMA = YES;
				CLANG_WARN_CONSTANT_CONVERSION = YES;
				CLANG_WARN_DEPRECATED_OBJC_IMPLEMENTATIONS = YES;
				CLANG_WARN_DIRECT_OBJC_ISA_USAGE = YES_ERROR;
				CLANG_WARN_DOCUMENTATION_COMMENTS = YES;
				CLANG_WARN_EMPTY_BODY = YES;
				CLANG_WARN_ENUM_CONVERSION = YES;
				CLANG_WARN_INFINITE_RECURSION = YES;
				CLANG_WARN_INT_CONVERSION = YES;
				CLANG_WARN_NON_LITERAL_NULL_CONVERSION = YES;
				CLANG_WARN_OBJC_IMPLICIT_RETAIN_SELF = YES;
				CLANG_WARN_OBJC_LITERAL_CONVERSION = YES;
				CLANG_WARN_OBJC_ROOT_CLASS = YES_ERROR;
				CLANG_WARN_QUOTED_INCLUDE_IN_FRAMEWORK_HEADER = YES;
				CLANG_WARN_RANGE_LOOP_ANALYSIS = YES;
				CLANG_WARN_STRICT_PROTOTYPES = YES;
				CLANG_WARN_SUSPICIOUS_MOVE = YES;
				CLANG_WARN_UNGUARDED_AVAILABILITY = YES_AGGRESSIVE;
				CLANG_WARN_UNREACHABLE_CODE = YES;
				CLANG_WARN__DUPLICATE_METHOD_MATCH = YES;
				COPY_PHASE_STRIP = NO;
				DEBUG_INFORMATION_FORMAT = dwarf;
				ENABLE_STRICT_OBJC_MSGSEND = YES;
				ENABLE_TESTABILITY = YES;
				GCC_C_LANGUAGE_STANDARD = gnu11;
				GCC_DYNAMIC_NO_PIC = NO;
				GCC_NO_COMMON_BLOCKS = YES;
				GCC_OPTIMIZATION_LEVEL = 0;
				GCC_PREPROCESSOR_DEFINITIONS = (
					"DEBUG=1",
					"$(inherited)",
				);
				GCC_WARN_64_TO_32_BIT_CONVERSION = YES;
				GCC_WARN_ABOUT_RETURN_TYPE = YES_ERROR;
				GCC_WARN_UNDECLARED_SELECTOR = YES;
				GCC_WARN_UNINITIALIZED_AUTOS = YES_AGGRESSIVE;
				GCC_WARN_UNUSED_FUNCTION = YES;
				GCC_WARN_UNUSED_VARIABLE = YES;
				IPHONEOS_DEPLOYMENT_TARGET = 16.0;
				MTL_ENABLE_DEBUG_INFO = INCLUDE_SOURCE;
				MTL_FAST_MATH = YES;
				ONLY_ACTIVE_ARCH = YES;
				SDKROOT = iphoneos;
				SWIFT_ACTIVE_COMPILATION_CONDITIONS = DEBUG;
				SWIFT_OPTIMIZATION_LEVEL = "-Onone";
			};
			name = Debug;
		};
		82AE2C4329A833EB005FC00A /* Release */ = {
			isa = XCBuildConfiguration;
			buildSettings = {
				ALWAYS_SEARCH_USER_PATHS = NO;
				CLANG_ANALYZER_NONNULL = YES;
				CLANG_ANALYZER_NUMBER_OBJECT_CONVERSION = YES_AGGRESSIVE;
				CLANG_CXX_LANGUAGE_STANDARD = "gnu++20";
				CLANG_ENABLE_MODULES = YES;
				CLANG_ENABLE_OBJC_ARC = YES;
				CLANG_ENABLE_OBJC_WEAK = YES;
				CLANG_WARN_BLOCK_CAPTURE_AUTORELEASING = YES;
				CLANG_WARN_BOOL_CONVERSION = YES;
				CLANG_WARN_COMMA = YES;
				CLANG_WARN_CONSTANT_CONVERSION = YES;
				CLANG_WARN_DEPRECATED_OBJC_IMPLEMENTATIONS = YES;
				CLANG_WARN_DIRECT_OBJC_ISA_USAGE = YES_ERROR;
				CLANG_WARN_DOCUMENTATION_COMMENTS = YES;
				CLANG_WARN_EMPTY_BODY = YES;
				CLANG_WARN_ENUM_CONVERSION = YES;
				CLANG_WARN_INFINITE_RECURSION = YES;
				CLANG_WARN_INT_CONVERSION = YES;
				CLANG_WARN_NON_LITERAL_NULL_CONVERSION = YES;
				CLANG_WARN_OBJC_IMPLICIT_RETAIN_SELF = YES;
				CLANG_WARN_OBJC_LITERAL_CONVERSION = YES;
				CLANG_WARN_OBJC_ROOT_CLASS = YES_ERROR;
				CLANG_WARN_QUOTED_INCLUDE_IN_FRAMEWORK_HEADER = YES;
				CLANG_WARN_RANGE_LOOP_ANALYSIS = YES;
				CLANG_WARN_STRICT_PROTOTYPES = YES;
				CLANG_WARN_SUSPICIOUS_MOVE = YES;
				CLANG_WARN_UNGUARDED_AVAILABILITY = YES_AGGRESSIVE;
				CLANG_WARN_UNREACHABLE_CODE = YES;
				CLANG_WARN__DUPLICATE_METHOD_MATCH = YES;
				COPY_PHASE_STRIP = NO;
				DEBUG_INFORMATION_FORMAT = "dwarf-with-dsym";
				ENABLE_NS_ASSERTIONS = NO;
				ENABLE_STRICT_OBJC_MSGSEND = YES;
				GCC_C_LANGUAGE_STANDARD = gnu11;
				GCC_NO_COMMON_BLOCKS = YES;
				GCC_WARN_64_TO_32_BIT_CONVERSION = YES;
				GCC_WARN_ABOUT_RETURN_TYPE = YES_ERROR;
				GCC_WARN_UNDECLARED_SELECTOR = YES;
				GCC_WARN_UNINITIALIZED_AUTOS = YES_AGGRESSIVE;
				GCC_WARN_UNUSED_FUNCTION = YES;
				GCC_WARN_UNUSED_VARIABLE = YES;
				IPHONEOS_DEPLOYMENT_TARGET = 16.0;
				MTL_ENABLE_DEBUG_INFO = NO;
				MTL_FAST_MATH = YES;
				SDKROOT = iphoneos;
				SWIFT_COMPILATION_MODE = wholemodule;
				SWIFT_OPTIMIZATION_LEVEL = "-O";
				VALIDATE_PRODUCT = YES;
			};
			name = Release;
		};
		82AE2C4529A833EB005FC00A /* Debug */ = {
			isa = XCBuildConfiguration;
			buildSettings = {
				ASSETCATALOG_COMPILER_APPICON_NAME = AppIcon;
				ASSETCATALOG_COMPILER_GLOBAL_ACCENT_COLOR_NAME = AccentColor;
				CODE_SIGN_STYLE = Automatic;
				CURRENT_PROJECT_VERSION = 1;
				DEVELOPMENT_TEAM = X2R4Q8ATZU;
				GENERATE_INFOPLIST_FILE = YES;
				INFOPLIST_FILE = Clima/Info.plist;
				INFOPLIST_KEY_UIApplicationSupportsIndirectInputEvents = YES;
				INFOPLIST_KEY_UILaunchStoryboardName = LaunchScreen;
				INFOPLIST_KEY_UISupportedInterfaceOrientations_iPad = "UIInterfaceOrientationPortrait UIInterfaceOrientationPortraitUpsideDown UIInterfaceOrientationLandscapeLeft UIInterfaceOrientationLandscapeRight";
				INFOPLIST_KEY_UISupportedInterfaceOrientations_iPhone = "UIInterfaceOrientationPortrait UIInterfaceOrientationLandscapeLeft UIInterfaceOrientationLandscapeRight";
				LD_RUNPATH_SEARCH_PATHS = (
					"$(inherited)",
					"@executable_path/Frameworks",
				);
				MARKETING_VERSION = 1.0;
				PRODUCT_BUNDLE_IDENTIFIER = gmail.igormedfer.Clima;
				PRODUCT_NAME = "$(TARGET_NAME)";
				SWIFT_EMIT_LOC_STRINGS = YES;
				SWIFT_VERSION = 5.0;
				TARGETED_DEVICE_FAMILY = "1,2";
			};
			name = Debug;
		};
		82AE2C4629A833EB005FC00A /* Release */ = {
			isa = XCBuildConfiguration;
			buildSettings = {
				ASSETCATALOG_COMPILER_APPICON_NAME = AppIcon;
				ASSETCATALOG_COMPILER_GLOBAL_ACCENT_COLOR_NAME = AccentColor;
				CODE_SIGN_STYLE = Automatic;
				CURRENT_PROJECT_VERSION = 1;
				DEVELOPMENT_TEAM = X2R4Q8ATZU;
				GENERATE_INFOPLIST_FILE = YES;
				INFOPLIST_FILE = Clima/Info.plist;
				INFOPLIST_KEY_UIApplicationSupportsIndirectInputEvents = YES;
				INFOPLIST_KEY_UILaunchStoryboardName = LaunchScreen;
				INFOPLIST_KEY_UISupportedInterfaceOrientations_iPad = "UIInterfaceOrientationPortrait UIInterfaceOrientationPortraitUpsideDown UIInterfaceOrientationLandscapeLeft UIInterfaceOrientationLandscapeRight";
				INFOPLIST_KEY_UISupportedInterfaceOrientations_iPhone = "UIInterfaceOrientationPortrait UIInterfaceOrientationLandscapeLeft UIInterfaceOrientationLandscapeRight";
				LD_RUNPATH_SEARCH_PATHS = (
					"$(inherited)",
					"@executable_path/Frameworks",
				);
				MARKETING_VERSION = 1.0;
				PRODUCT_BUNDLE_IDENTIFIER = gmail.igormedfer.Clima;
				PRODUCT_NAME = "$(TARGET_NAME)";
				SWIFT_EMIT_LOC_STRINGS = YES;
				SWIFT_VERSION = 5.0;
				TARGETED_DEVICE_FAMILY = "1,2";
			};
			name = Release;
		};
/* End XCBuildConfiguration section */

/* Begin XCConfigurationList section */
		82AE2C2B29A833E7005FC00A /* Build configuration list for PBXProject "Clima" */ = {
			isa = XCConfigurationList;
			buildConfigurations = (
				82AE2C4229A833EB005FC00A /* Debug */,
				82AE2C4329A833EB005FC00A /* Release */,
			);
			defaultConfigurationIsVisible = 0;
			defaultConfigurationName = Release;
		};
		82AE2C4429A833EB005FC00A /* Build configuration list for PBXNativeTarget "Clima" */ = {
			isa = XCConfigurationList;
			buildConfigurations = (
				82AE2C4529A833EB005FC00A /* Debug */,
				82AE2C4629A833EB005FC00A /* Release */,
			);
			defaultConfigurationIsVisible = 0;
			defaultConfigurationName = Release;
		};
/* End XCConfigurationList section */
	};
	rootObject = 82AE2C2829A833E7005FC00A /* Project object */;
}
